
Microsoft Visual Studio Solution File, Format Version 12.00
# Visual Studio Version 17
VisualStudioVersion = 17.8.34330.188
MinimumVisualStudioVersion = 10.0.40219.1
Project("{9A19103F-16F7-4668-BE54-9A1E7A4F7556}") = "Webs1te", "Webs1te\Webs1te.csproj", "{043664BC-202B-402D-AD0A-8013F995BC76}"
EndProject
Project("{2150E333-8FDC-42A3-9474-1A3956D46DE8}") = "Solution Items", "Solution Items", "{81F7CF83-6137-43C5-B4D2-203D310D8296}"
	ProjectSection(SolutionItems) = preProject
		.editorconfig = .editorconfig
	EndProjectSection
EndProject
Global
	GlobalSection(SolutionConfigurationPlatforms) = preSolution
		Debug|Any CPU = Debug|Any CPU
		Release|Any CPU = Release|Any CPU
	EndGlobalSection
	GlobalSection(ProjectConfigurationPlatforms) = postSolution
		{043664BC-202B-402D-AD0A-8013F995BC76}.Debug|Any CPU.ActiveCfg = Debug|Any CPU
		{043664BC-202B-402D-AD0A-8013F995BC76}.Debug|Any CPU.Build.0 = Debug|Any CPU
		{043664BC-202B-402D-AD0A-8013F995BC76}.Release|Any CPU.ActiveCfg = Release|Any CPU
		{043664BC-202B-402D-AD0A-8013F995BC76}.Release|Any CPU.Build.0 = Release|Any CPU
	EndGlobalSection
	GlobalSection(SolutionProperties) = preSolution
		HideSolutionNode = FALSE
	EndGlobalSection
	GlobalSection(ExtensibilityGlobals) = postSolution
		SolutionGuid = {9419319B-E3CE-40E8-A9EF-1E71FC45B7AB}
	EndGlobalSection
EndGlobal
